<?xml version="1.0"?>
<CONFIG>
  <ProjectOptions>
    <Version Value="7"/>
    <General>
      <Flags>
        <LRSInOutputDirectory Value="False"/>
      </Flags>
      <MainUnit Value="0"/>
      <TargetFileExt Value=".exe"/>
      <Title Value="WinFF"/>
      <ActiveEditorIndexAtStart Value="0"/>
    </General>
    <i18n>
      <OutDir Value="languages"/>
    </i18n>
    <VersionInfo>
      <UseVersionInfo Value="True"/>
      <CurrentVersionNr Value="1"/>
      <CurrentMajorRevNr Value="2"/>
      <ProjectVersion Value="1.2.0.0"/>
      <Comments Value="WinFF Video Converter"/>
      <CompanyName Value="WinFF.org"/>
      <FileDescription Value="WinFF Video Converter"/>
      <InternalName Value="winff"/>
      <LegalCopyright Value="Copyright 2010, GPL v3 by Matthew Weatherford"/>
      <OriginalFilename Value="winff.exe"/>
      <ProductName Value="WinFF"/>
    </VersionInfo>
    <PublishOptions>
      <Version Value="2"/>
      <IgnoreBinaries Value="False"/>
      <IncludeFileFilter Value="*.(pas|pp|inc|lfm|lpr|lrs|lpi|lpk|sh|xml)"/>
      <ExcludeFileFilter Value="*.(bak|ppu|ppw|o|so);*~;backup"/>
    </PublishOptions>
    <RunParams>
      <local>
        <FormatVersion Value="1"/>
        <LaunchingApplication PathPlusParams="/usr/X11R6/bin/xterm -T 'Lazarus Run Output' -e $(LazarusDir)/tools/runwait.sh $(TargetCmdLine)"/>
      </local>
    </RunParams>
    <RequiredPackages Count="2">
      <Item1>
        <PackageName Value="FCL"/>
        <MinVersion Major="1" Valid="True"/>
      </Item1>
      <Item2>
        <PackageName Value="LCL"/>
      </Item2>
    </RequiredPackages>
    <Units Count="31">
      <Unit0>
        <Filename Value="winff.lpr"/>
        <IsPartOfProject Value="True"/>
        <UnitName Value="winff"/>
        <CursorPos X="20" Y="9"/>
        <TopLine Value="5"/>
        <EditorIndex Value="1"/>
        <UsageCount Value="214"/>
        <Loaded Value="True"/>
      </Unit0>
      <Unit1>
        <Filename Value="unit1.pas"/>
        <IsPartOfProject Value="True"/>
        <ComponentName Value="Form1"/>
        <ResourceBaseClass Value="Form"/>
        <UnitName Value="Unit1"/>
        <CursorPos X="3" Y="656"/>
        <TopLine Value="643"/>
        <EditorIndex Value="0"/>
        <UsageCount Value="214"/>
        <Bookmarks Count="2">
          <Item0 X="6" Y="1788" ID="1"/>
          <Item1 X="1" Y="312" ID="2"/>
        </Bookmarks>
        <Loaded Value="True"/>
      </Unit1>
      <Unit2>
        <Filename Value="unit2.pas"/>
        <IsPartOfProject Value="True"/>
        <ComponentName Value="Form2"/>
        <ResourceBaseClass Value="Form"/>
        <UnitName Value="Unit2"/>
        <CursorPos X="123" Y="473"/>
        <TopLine Value="471"/>
        <EditorIndex Value="2"/>
        <UsageCount Value="210"/>
        <Loaded Value="True"/>
      </Unit2>
      <Unit3>
        <Filename Value="unit3.pas"/>
        <IsPartOfProject Value="True"/>
        <ComponentName Value="Form3"/>
        <ResourceBaseClass Value="Form"/>
        <UnitName Value="Unit3"/>
        <CursorPos X="42" Y="102"/>
        <TopLine Value="92"/>
        <EditorIndex Value="5"/>
        <UsageCount Value="201"/>
        <Loaded Value="True"/>
      </Unit3>
      <Unit4>
        <Filename Value="usr/share/lazarus/lcl/include/application.inc"/>
        <CursorPos X="1" Y="315"/>
        <TopLine Value="286"/>
        <UsageCount Value="2"/>
      </Unit4>
      <Unit5>
        <Filename Value="usr/share/lazarus/lcl/interfaces/gtk/gtkobject.inc"/>
        <CursorPos X="1" Y="1912"/>
        <TopLine Value="1883"/>
        <UsageCount Value="2"/>
      </Unit5>
      <Unit6>
        <Filename Value="usr/share/lazarus/lcl/interfaces/gtk/gtkproc.inc"/>
        <CursorPos X="1" Y="3204"/>
        <TopLine Value="3177"/>
        <UsageCount Value="2"/>
      </Unit6>
      <Unit7>
        <Filename Value="DOCUME~1/matt/LOCALS~1/Temp/testcompileroptions.pas"/>
        <UnitName Value="testcompileroptions"/>
        <CursorPos X="1" Y="1"/>
        <TopLine Value="1"/>
        <UsageCount Value="2"/>
      </Unit7>
      <Unit8>
        <Filename Value="DOCUME~1/matt/LOCALS~1/Temp/testcompileroptions1.pas"/>
        <UnitName Value="testcompileroptions1"/>
        <CursorPos X="1" Y="1"/>
        <TopLine Value="1"/>
        <UsageCount Value="2"/>
      </Unit8>
      <Unit9>
        <Filename Value="unit4.pas"/>
        <IsPartOfProject Value="True"/>
        <ComponentName Value="Form4"/>
        <ResourceBaseClass Value="Form"/>
        <UnitName Value="Unit4"/>
        <CursorPos X="48" Y="202"/>
        <TopLine Value="179"/>
        <UsageCount Value="200"/>
      </Unit9>
      <Unit10>
        <Filename Value="unit5.pas"/>
        <IsPartOfProject Value="True"/>
        <ComponentName Value="Form5"/>
        <ResourceBaseClass Value="Form"/>
        <UnitName Value="Unit5"/>
        <CursorPos X="51" Y="108"/>
        <TopLine Value="82"/>
        <EditorIndex Value="4"/>
        <UsageCount Value="201"/>
        <Loaded Value="True"/>
      </Unit10>
      <Unit11>
        <Filename Value="usr/share/lazarus/lcl/lclproc.pas"/>
        <UnitName Value="LCLProc"/>
        <CursorPos X="1" Y="786"/>
        <TopLine Value="771"/>
        <UsageCount Value="4"/>
      </Unit11>
      <Unit12>
        <Filename Value="usr/share/lazarus/lcl/interfaces/gtk2/gtk2int.pas"/>
        <UnitName Value="Gtk2Int"/>
        <CursorPos X="1" Y="387"/>
        <TopLine Value="372"/>
        <UsageCount Value="4"/>
      </Unit12>
      <Unit13>
        <Filename Value="usr/share/lazarus/lcl/include/customlistbox.inc"/>
        <CursorPos X="1" Y="493"/>
        <TopLine Value="478"/>
        <UsageCount Value="4"/>
      </Unit13>
      <Unit14>
        <Filename Value="usr/share/lazarus/lcl/include/wincontrol.inc"/>
        <CursorPos X="1" Y="4468"/>
        <TopLine Value="4453"/>
        <UsageCount Value="4"/>
      </Unit14>
      <Unit15>
        <Filename Value="usr/share/lazarus/lcl/interfaces/gtk2/gtk2wsstdctrls.pp"/>
        <UnitName Value="Gtk2WSStdCtrls"/>
        <CursorPos X="1" Y="293"/>
        <TopLine Value="278"/>
        <UsageCount Value="4"/>
      </Unit15>
      <Unit16>
        <Filename Value="unit6.pas"/>
        <IsPartOfProject Value="True"/>
        <ComponentName Value="Form6"/>
        <HasResources Value="True"/>
        <ResourceBaseClass Value="Form"/>
        <UnitName Value="unit6"/>
        <CursorPos X="1" Y="165"/>
        <TopLine Value="135"/>
        <EditorIndex Value="3"/>
        <UsageCount Value="86"/>
        <Loaded Value="True"/>
      </Unit16>
      <Unit17>
        <Filename Value="../../../usr/lib/lazarus/lcl/interfaces/gtk2/interfaces.pas"/>
        <UnitName Value="Interfaces"/>
        <CursorPos X="1" Y="1"/>
        <TopLine Value="3"/>
        <UsageCount Value="7"/>
      </Unit17>
      <Unit18>
        <Filename Value="../../../usr/lib/lazarus/ide/lazarus.pp"/>
        <UnitName Value="Lazarus"/>
        <CursorPos X="1" Y="1"/>
        <TopLine Value="1"/>
        <UsageCount Value="7"/>
      </Unit18>
      <Unit19>
        <Filename Value="../../../usr/lib/lazarus/lcl/interfaces/qt/qt4.pas"/>
        <UnitName Value="qt4"/>
        <CursorPos X="1" Y="10946"/>
        <TopLine Value="10907"/>
        <UsageCount Value="8"/>
      </Unit19>
      <Unit20>
        <Filename Value="unit1.lfm"/>
        <CursorPos X="10" Y="297"/>
        <TopLine Value="284"/>
        <UsageCount Value="7"/>
        <SyntaxHighlighter Value="LFM"/>
      </Unit20>
      <Unit21>
        <Filename Value="../../../usr/lib/lazarus/lcl/interfaces/gtk2/gtk2int.pas"/>
        <UnitName Value="Gtk2Int"/>
        <CursorPos X="79" Y="15"/>
        <TopLine Value="4"/>
        <UsageCount Value="16"/>
      </Unit21>
      <Unit22>
        <Filename Value="../../../usr/lib/lazarus/lcl/include/customform.inc"/>
        <CursorPos X="1" Y="627"/>
        <TopLine Value="608"/>
        <UsageCount Value="13"/>
      </Unit22>
      <Unit23>
        <Filename Value="../../../usr/share/fpcsrc/packages/fcl-xml/src/xmlread.pp"/>
        <UnitName Value="XMLRead"/>
        <CursorPos X="11" Y="44"/>
        <TopLine Value="584"/>
        <UsageCount Value="7"/>
      </Unit23>
      <Unit24>
        <Filename Value="../../../usr/share/fpcsrc/rtl/objpas/sysutils/finah.inc"/>
        <CursorPos X="10" Y="23"/>
        <TopLine Value="3"/>
        <UsageCount Value="7"/>
      </Unit24>
      <Unit25>
        <Filename Value="../../../usr/lib/lazarus/lcl/include/control.inc"/>
        <CursorPos X="1" Y="2095"/>
        <TopLine Value="2076"/>
        <UsageCount Value="7"/>
      </Unit25>
      <Unit26>
        <Filename Value="../../../usr/lib/lazarus/lcl/interfaces/gtk2/gtk2wsstdctrls.pp"/>
        <UnitName Value="Gtk2WSStdCtrls"/>
        <CursorPos X="43" Y="717"/>
        <TopLine Value="688"/>
        <UsageCount Value="7"/>
      </Unit26>
      <Unit27>
        <Filename Value="../../../usr/lib/lazarus/lcl/propertystorage.pas"/>
        <UnitName Value="PropertyStorage"/>
        <CursorPos X="1" Y="533"/>
        <TopLine Value="514"/>
        <UsageCount Value="11"/>
      </Unit27>
      <Unit28>
        <Filename Value="../../../usr/lib/lazarus/lcl/translations.pas"/>
        <UnitName Value="Translations"/>
        <CursorPos X="38" Y="318"/>
        <TopLine Value="426"/>
        <UsageCount Value="11"/>
      </Unit28>
      <Unit29>
        <Filename Value="../../../lazarus/fpc/2.2.2/source/packages/fcl-base/src/gettext.pp"/>
        <UnitName Value="gettext"/>
        <CursorPos X="1" Y="1"/>
        <TopLine Value="1"/>
        <UsageCount Value="8"/>
      </Unit29>
      <Unit30>
        <Filename Value="../../../../usr/lib/lazarus/0.9.28.2/lcl/clipbrd.pp"/>
        <UnitName Value="Clipbrd"/>
        <CursorPos X="1" Y="1"/>
        <TopLine Value="214"/>
        <UsageCount Value="10"/>
      </Unit30>
    </Units>
    <JumpHistory Count="30" HistoryIndex="29">
      <Position1>
        <Filename Value="unit5.pas"/>
        <Caret Line="83" Column="35" TopLine="75"/>
      </Position1>
      <Position2>
        <Filename Value="unit5.pas"/>
        <Caret Line="84" Column="35" TopLine="75"/>
      </Position2>
      <Position3>
        <Filename Value="unit5.pas"/>
        <Caret Line="85" Column="35" TopLine="75"/>
      </Position3>
      <Position4>
        <Filename Value="unit5.pas"/>
        <Caret Line="48" Column="31" TopLine="43"/>
      </Position4>
      <Position5>
        <Filename Value="unit5.pas"/>
        <Caret Line="59" Column="57" TopLine="43"/>
      </Position5>
      <Position6>
        <Filename Value="winff.lpr"/>
        <Caret Line="35" Column="49" TopLine="10"/>
      </Position6>
      <Position7>
        <Filename Value="winff.lpr"/>
        <Caret Line="24" Column="11" TopLine="5"/>
      </Position7>
      <Position8>
        <Filename Value="unit1.pas"/>
        <Caret Line="822" Column="1" TopLine="803"/>
      </Position8>
      <Position9>
        <Filename Value="unit5.pas"/>
        <Caret Line="59" Column="57" TopLine="43"/>
      </Position9>
      <Position10>
        <Filename Value="unit5.pas"/>
        <Caret Line="76" Column="8" TopLine="43"/>
      </Position10>
      <Position11>
        <Filename Value="unit5.pas"/>
        <Caret Line="111" Column="43" TopLine="79"/>
      </Position11>
      <Position12>
        <Filename Value="unit5.pas"/>
        <Caret Line="60" Column="17" TopLine="55"/>
      </Position12>
      <Position13>
        <Filename Value="unit5.pas"/>
        <Caret Line="79" Column="28" TopLine="55"/>
      </Position13>
      <Position14>
        <Filename Value="unit5.pas"/>
        <Caret Line="77" Column="31" TopLine="55"/>
      </Position14>
      <Position15>
        <Filename Value="unit1.pas"/>
        <Caret Line="822" Column="9" TopLine="803"/>
      </Position15>
      <Position16>
        <Filename Value="unit5.pas"/>
        <Caret Line="79" Column="28" TopLine="55"/>
      </Position16>
      <Position17>
        <Filename Value="unit5.pas"/>
        <Caret Line="78" Column="28" TopLine="55"/>
      </Position17>
      <Position18>
        <Filename Value="unit5.pas"/>
        <Caret Line="79" Column="28" TopLine="55"/>
      </Position18>
      <Position19>
        <Filename Value="unit1.pas"/>
        <Caret Line="822" Column="1" TopLine="803"/>
      </Position19>
      <Position20>
        <Filename Value="unit1.pas"/>
        <Caret Line="1840" Column="35" TopLine="1816"/>
      </Position20>
      <Position21>
        <Filename Value="unit1.pas"/>
        <Caret Line="1842" Column="25" TopLine="1816"/>
      </Position21>
      <Position22>
        <Filename Value="unit1.pas"/>
        <Caret Line="1" Column="5" TopLine="1"/>
      </Position22>
      <Position23>
        <Filename Value="unit5.pas"/>
        <Caret Line="80" Column="28" TopLine="55"/>
      </Position23>
      <Position24>
        <Filename Value="unit1.pas"/>
        <Caret Line="1840" Column="6" TopLine="1821"/>
      </Position24>
      <Position25>
        <Filename Value="unit1.pas"/>
        <Caret Line="1" Column="1" TopLine="1"/>
      </Position25>
      <Position26>
        <Filename Value="unit5.pas"/>
        <Caret Line="108" Column="33" TopLine="71"/>
      </Position26>
      <Position27>
        <Filename Value="unit1.pas"/>
        <Caret Line="1858" Column="8" TopLine="1821"/>
      </Position27>
      <Position28>
        <Filename Value="unit1.pas"/>
        <Caret Line="1839" Column="17" TopLine="1820"/>
      </Position28>
      <Position29>
        <Filename Value="unit5.pas"/>
        <Caret Line="108" Column="45" TopLine="71"/>
      </Position29>
      <Position30>
        <Filename Value="unit1.pas"/>
        <Caret Line="191" Column="5" TopLine="180"/>
      </Position30>
    </JumpHistory>
  </ProjectOptions>
  <CompilerOptions>
    <Version Value="8"/>
    <SearchPaths>
      <OtherUnitFiles Value="$(LazarusDir)/components/codetools/units/$(TargetCPU)-$(TargetOS)/"/>
      <SrcPath Value="$(LazarusDir)/lcl/;$(LazarusDir)/lcl/interfaces/$(LCLWidgetType)/"/>
      <LCLWidgetType Value="win32"/>
    </SearchPaths>
    <Parsing>
      <SyntaxOptions>
        <CStyleOperator Value="False"/>
      </SyntaxOptions>
    </Parsing>
    <Linking>
      <Debugging>
        <GenerateDebugInfo Value="True"/>
      </Debugging>
      <Options>
        <Win32>
          <GraphicApplication Value="True"/>
        </Win32>
      </Options>
    </Linking>
    <Other>
      <CompilerPath Value="$(CompPath)"/>
    </Other>
  </CompilerOptions>
  <Debugging>
    <Exceptions Count="2">
      <Item1>
        <Name Value="EAccessViolation"/>
      </Item1>
      <Item2>
        <Name Value="EAccessViolatio"/>
      </Item2>
    </Exceptions>
  </Debugging>
</CONFIG>
