<?xml version="1.0"?>
<CONFIG>
  <ProjectOptions>
    <PathDelim Value="\"/>
    <Version Value="7"/>
    <General>
      <Flags>
        <LRSInOutputDirectory Value="False"/>
      </Flags>
      <MainUnit Value="0"/>
      <TargetFileExt Value=".exe"/>
      <Title Value="WinFF"/>
      <ActiveEditorIndexAtStart Value="2"/>
    </General>
    <i18n>
      <OutDir Value="languages"/>
    </i18n>
    <VersionInfo>
      <UseVersionInfo Value="True"/>
      <CurrentVersionNr Value="1"/>
      <CurrentMajorRevNr Value="2"/>
      <ProjectVersion Value="1.2.0.0"/>
      <Comments Value="WinFF Video Converter"/>
      <CompanyName Value="WinFF.org"/>
      <FileDescription Value="WinFF Video Converter"/>
      <InternalName Value="winff"/>
      <LegalCopyright Value="Copyright 2010, GPL v3 by Matthew Weatherford"/>
      <OriginalFilename Value="winff.exe"/>
      <ProductName Value="WinFF"/>
    </VersionInfo>
    <PublishOptions>
      <Version Value="2"/>
      <IgnoreBinaries Value="False"/>
      <IncludeFileFilter Value="*.(pas|pp|inc|lfm|lpr|lrs|lpi|lpk|sh|xml)"/>
      <ExcludeFileFilter Value="*.(bak|ppu|ppw|o|so);*~;backup"/>
    </PublishOptions>
    <RunParams>
      <local>
        <FormatVersion Value="1"/>
        <LaunchingApplication PathPlusParams="\usr\X11R6\bin\xterm -T 'Lazarus Run Output' -e $(LazarusDir)\tools\runwait.sh $(TargetCmdLine)"/>
      </local>
    </RunParams>
    <RequiredPackages Count="2">
      <Item1>
        <PackageName Value="FCL"/>
        <MinVersion Major="1" Valid="True"/>
      </Item1>
      <Item2>
        <PackageName Value="LCL"/>
      </Item2>
    </RequiredPackages>
    <Units Count="30">
      <Unit0>
        <Filename Value="winff.lpr"/>
        <IsPartOfProject Value="True"/>
        <UnitName Value="winff"/>
        <CursorPos X="11" Y="24"/>
        <TopLine Value="6"/>
        <EditorIndex Value="6"/>
        <UsageCount Value="214"/>
        <Loaded Value="True"/>
      </Unit0>
      <Unit1>
        <Filename Value="unit1.pas"/>
        <IsPartOfProject Value="True"/>
        <ComponentName Value="Form1"/>
        <ResourceBaseClass Value="Form"/>
        <UnitName Value="Unit1"/>
        <CursorPos X="38" Y="1628"/>
        <TopLine Value="1625"/>
        <EditorIndex Value="2"/>
        <UsageCount Value="214"/>
        <Bookmarks Count="2">
          <Item0 X="23" Y="406" ID="1"/>
          <Item1 X="1" Y="285" ID="2"/>
        </Bookmarks>
        <Loaded Value="True"/>
      </Unit1>
      <Unit2>
        <Filename Value="unit2.pas"/>
        <IsPartOfProject Value="True"/>
        <ComponentName Value="Form2"/>
        <ResourceBaseClass Value="Form"/>
        <UnitName Value="Unit2"/>
        <CursorPos X="1" Y="63"/>
        <TopLine Value="63"/>
        <EditorIndex Value="0"/>
        <UsageCount Value="210"/>
        <Loaded Value="True"/>
      </Unit2>
      <Unit3>
        <Filename Value="unit3.pas"/>
        <IsPartOfProject Value="True"/>
        <ComponentName Value="Form3"/>
        <ResourceBaseClass Value="Form"/>
        <UnitName Value="Unit3"/>
        <CursorPos X="40" Y="122"/>
        <TopLine Value="96"/>
        <EditorIndex Value="1"/>
        <UsageCount Value="201"/>
        <Loaded Value="True"/>
      </Unit3>
      <Unit4>
        <Filename Value="usr\share\lazarus\lcl\include\application.inc"/>
        <CursorPos X="1" Y="315"/>
        <TopLine Value="286"/>
        <UsageCount Value="2"/>
      </Unit4>
      <Unit5>
        <Filename Value="usr\share\lazarus\lcl\interfaces\gtk\gtkobject.inc"/>
        <CursorPos X="1" Y="1912"/>
        <TopLine Value="1883"/>
        <UsageCount Value="2"/>
      </Unit5>
      <Unit6>
        <Filename Value="usr\share\lazarus\lcl\interfaces\gtk\gtkproc.inc"/>
        <CursorPos X="1" Y="3204"/>
        <TopLine Value="3177"/>
        <UsageCount Value="2"/>
      </Unit6>
      <Unit7>
        <Filename Value="DOCUME~1\matt\LOCALS~1\Temp\testcompileroptions.pas"/>
        <UnitName Value="testcompileroptions"/>
        <CursorPos X="1" Y="1"/>
        <TopLine Value="1"/>
        <UsageCount Value="2"/>
      </Unit7>
      <Unit8>
        <Filename Value="DOCUME~1\matt\LOCALS~1\Temp\testcompileroptions1.pas"/>
        <UnitName Value="testcompileroptions1"/>
        <CursorPos X="1" Y="1"/>
        <TopLine Value="1"/>
        <UsageCount Value="2"/>
      </Unit8>
      <Unit9>
        <Filename Value="unit4.pas"/>
        <IsPartOfProject Value="True"/>
        <ComponentName Value="Form4"/>
        <ResourceBaseClass Value="Form"/>
        <UnitName Value="Unit4"/>
        <CursorPos X="48" Y="202"/>
        <TopLine Value="179"/>
        <EditorIndex Value="3"/>
        <UsageCount Value="200"/>
        <Loaded Value="True"/>
      </Unit9>
      <Unit10>
        <Filename Value="unit5.pas"/>
        <IsPartOfProject Value="True"/>
        <ComponentName Value="Form5"/>
        <ResourceBaseClass Value="Form"/>
        <UnitName Value="Unit5"/>
        <CursorPos X="1" Y="82"/>
        <TopLine Value="50"/>
        <EditorIndex Value="4"/>
        <UsageCount Value="201"/>
        <Loaded Value="True"/>
      </Unit10>
      <Unit11>
        <Filename Value="usr\share\lazarus\lcl\lclproc.pas"/>
        <UnitName Value="LCLProc"/>
        <CursorPos X="1" Y="786"/>
        <TopLine Value="771"/>
        <UsageCount Value="4"/>
      </Unit11>
      <Unit12>
        <Filename Value="usr\share\lazarus\lcl\interfaces\gtk2\gtk2int.pas"/>
        <UnitName Value="Gtk2Int"/>
        <CursorPos X="1" Y="387"/>
        <TopLine Value="372"/>
        <UsageCount Value="4"/>
      </Unit12>
      <Unit13>
        <Filename Value="usr\share\lazarus\lcl\include\customlistbox.inc"/>
        <CursorPos X="1" Y="493"/>
        <TopLine Value="478"/>
        <UsageCount Value="4"/>
      </Unit13>
      <Unit14>
        <Filename Value="usr\share\lazarus\lcl\include\wincontrol.inc"/>
        <CursorPos X="1" Y="4468"/>
        <TopLine Value="4453"/>
        <UsageCount Value="4"/>
      </Unit14>
      <Unit15>
        <Filename Value="usr\share\lazarus\lcl\interfaces\gtk2\gtk2wsstdctrls.pp"/>
        <UnitName Value="Gtk2WSStdCtrls"/>
        <CursorPos X="1" Y="293"/>
        <TopLine Value="278"/>
        <UsageCount Value="4"/>
      </Unit15>
      <Unit16>
        <Filename Value="unit6.pas"/>
        <IsPartOfProject Value="True"/>
        <ComponentName Value="Form6"/>
        <HasResources Value="True"/>
        <ResourceBaseClass Value="Form"/>
        <UnitName Value="unit6"/>
        <CursorPos X="1" Y="165"/>
        <TopLine Value="133"/>
        <EditorIndex Value="5"/>
        <UsageCount Value="77"/>
        <Loaded Value="True"/>
      </Unit16>
      <Unit17>
        <Filename Value="..\..\..\usr\lib\lazarus\lcl\interfaces\gtk2\interfaces.pas"/>
        <UnitName Value="Interfaces"/>
        <CursorPos X="1" Y="1"/>
        <TopLine Value="3"/>
        <UsageCount Value="7"/>
      </Unit17>
      <Unit18>
        <Filename Value="..\..\..\usr\lib\lazarus\ide\lazarus.pp"/>
        <UnitName Value="Lazarus"/>
        <CursorPos X="1" Y="1"/>
        <TopLine Value="1"/>
        <UsageCount Value="7"/>
      </Unit18>
      <Unit19>
        <Filename Value="..\..\..\usr\lib\lazarus\lcl\interfaces\qt\qt4.pas"/>
        <UnitName Value="qt4"/>
        <CursorPos X="1" Y="10946"/>
        <TopLine Value="10907"/>
        <UsageCount Value="8"/>
      </Unit19>
      <Unit20>
        <Filename Value="unit1.lfm"/>
        <CursorPos X="10" Y="297"/>
        <TopLine Value="284"/>
        <UsageCount Value="7"/>
        <SyntaxHighlighter Value="LFM"/>
      </Unit20>
      <Unit21>
        <Filename Value="..\..\..\usr\lib\lazarus\lcl\interfaces\gtk2\gtk2int.pas"/>
        <UnitName Value="Gtk2Int"/>
        <CursorPos X="79" Y="15"/>
        <TopLine Value="4"/>
        <UsageCount Value="16"/>
      </Unit21>
      <Unit22>
        <Filename Value="..\..\..\usr\lib\lazarus\lcl\include\customform.inc"/>
        <CursorPos X="1" Y="627"/>
        <TopLine Value="608"/>
        <UsageCount Value="13"/>
      </Unit22>
      <Unit23>
        <Filename Value="..\..\..\usr\share\fpcsrc\packages\fcl-xml\src\xmlread.pp"/>
        <UnitName Value="XMLRead"/>
        <CursorPos X="11" Y="44"/>
        <TopLine Value="584"/>
        <UsageCount Value="7"/>
      </Unit23>
      <Unit24>
        <Filename Value="..\..\..\usr\share\fpcsrc\rtl\objpas\sysutils\finah.inc"/>
        <CursorPos X="10" Y="23"/>
        <TopLine Value="3"/>
        <UsageCount Value="7"/>
      </Unit24>
      <Unit25>
        <Filename Value="..\..\..\usr\lib\lazarus\lcl\include\control.inc"/>
        <CursorPos X="1" Y="2095"/>
        <TopLine Value="2076"/>
        <UsageCount Value="7"/>
      </Unit25>
      <Unit26>
        <Filename Value="..\..\..\usr\lib\lazarus\lcl\interfaces\gtk2\gtk2wsstdctrls.pp"/>
        <UnitName Value="Gtk2WSStdCtrls"/>
        <CursorPos X="43" Y="717"/>
        <TopLine Value="688"/>
        <UsageCount Value="7"/>
      </Unit26>
      <Unit27>
        <Filename Value="..\..\..\usr\lib\lazarus\lcl\propertystorage.pas"/>
        <UnitName Value="PropertyStorage"/>
        <CursorPos X="1" Y="533"/>
        <TopLine Value="514"/>
        <UsageCount Value="11"/>
      </Unit27>
      <Unit28>
        <Filename Value="..\..\..\usr\lib\lazarus\lcl\translations.pas"/>
        <UnitName Value="Translations"/>
        <CursorPos X="38" Y="318"/>
        <TopLine Value="426"/>
        <UsageCount Value="11"/>
      </Unit28>
      <Unit29>
        <Filename Value="..\..\..\lazarus\fpc\2.2.2\source\packages\fcl-base\src\gettext.pp"/>
        <UnitName Value="gettext"/>
        <CursorPos X="1" Y="1"/>
        <TopLine Value="1"/>
        <UsageCount Value="8"/>
      </Unit29>
    </Units>
    <JumpHistory Count="30" HistoryIndex="29">
      <Position1>
        <Filename Value="unit1.pas"/>
        <Caret Line="1092" Column="1" TopLine="1074"/>
      </Position1>
      <Position2>
        <Filename Value="unit1.pas"/>
        <Caret Line="1095" Column="1" TopLine="1077"/>
      </Position2>
      <Position3>
        <Filename Value="unit1.pas"/>
        <Caret Line="224" Column="20" TopLine="204"/>
      </Position3>
      <Position4>
        <Filename Value="unit1.pas"/>
        <Caret Line="1407" Column="33" TopLine="924"/>
      </Position4>
      <Position5>
        <Filename Value="unit1.pas"/>
        <Caret Line="914" Column="21" TopLine="898"/>
      </Position5>
      <Position6>
        <Filename Value="unit1.pas"/>
        <Caret Line="1527" Column="35" TopLine="1517"/>
      </Position6>
      <Position7>
        <Filename Value="unit1.pas"/>
        <Caret Line="1410" Column="21" TopLine="1395"/>
      </Position7>
      <Position8>
        <Filename Value="unit1.pas"/>
        <Caret Line="1531" Column="36" TopLine="1505"/>
      </Position8>
      <Position9>
        <Filename Value="unit1.pas"/>
        <Caret Line="1537" Column="28" TopLine="1505"/>
      </Position9>
      <Position10>
        <Filename Value="unit1.pas"/>
        <Caret Line="914" Column="18" TopLine="902"/>
      </Position10>
      <Position11>
        <Filename Value="unit1.pas"/>
        <Caret Line="922" Column="15" TopLine="909"/>
      </Position11>
      <Position12>
        <Filename Value="unit1.pas"/>
        <Caret Line="916" Column="13" TopLine="905"/>
      </Position12>
      <Position13>
        <Filename Value="unit1.pas"/>
        <Caret Line="919" Column="15" TopLine="886"/>
      </Position13>
      <Position14>
        <Filename Value="unit1.pas"/>
        <Caret Line="967" Column="1" TopLine="964"/>
      </Position14>
      <Position15>
        <Filename Value="unit1.pas"/>
        <Caret Line="1430" Column="3" TopLine="1423"/>
      </Position15>
      <Position16>
        <Filename Value="unit1.pas"/>
        <Caret Line="1635" Column="1" TopLine="1612"/>
      </Position16>
      <Position17>
        <Filename Value="unit4.pas"/>
        <Caret Line="133" Column="30" TopLine="101"/>
      </Position17>
      <Position18>
        <Filename Value="unit1.pas"/>
        <Caret Line="1661" Column="24" TopLine="1633"/>
      </Position18>
      <Position19>
        <Filename Value="unit1.pas"/>
        <Caret Line="1498" Column="47" TopLine="1486"/>
      </Position19>
      <Position20>
        <Filename Value="unit1.pas"/>
        <Caret Line="1497" Column="45" TopLine="1481"/>
      </Position20>
      <Position21>
        <Filename Value="unit1.pas"/>
        <Caret Line="1498" Column="21" TopLine="1482"/>
      </Position21>
      <Position22>
        <Filename Value="unit1.pas"/>
        <Caret Line="491" Column="19" TopLine="466"/>
      </Position22>
      <Position23>
        <Filename Value="unit1.pas"/>
        <Caret Line="1465" Column="85" TopLine="1449"/>
      </Position23>
      <Position24>
        <Filename Value="unit1.pas"/>
        <Caret Line="952" Column="1" TopLine="936"/>
      </Position24>
      <Position25>
        <Filename Value="unit1.pas"/>
        <Caret Line="939" Column="1" TopLine="923"/>
      </Position25>
      <Position26>
        <Filename Value="unit1.pas"/>
        <Caret Line="926" Column="1" TopLine="910"/>
      </Position26>
      <Position27>
        <Filename Value="unit1.pas"/>
        <Caret Line="3" Column="6" TopLine="1"/>
      </Position27>
      <Position28>
        <Filename Value="unit1.pas"/>
        <Caret Line="165" Column="31" TopLine="149"/>
      </Position28>
      <Position29>
        <Filename Value="unit1.pas"/>
        <Caret Line="778" Column="34" TopLine="751"/>
      </Position29>
      <Position30>
        <Filename Value="unit1.pas"/>
        <Caret Line="1708" Column="1" TopLine="1637"/>
      </Position30>
    </JumpHistory>
  </ProjectOptions>
  <CompilerOptions>
    <Version Value="8"/>
    <PathDelim Value="\"/>
    <SearchPaths>
      <OtherUnitFiles Value="$(LazarusDir)\components\codetools\units\$(TargetCPU)-$(TargetOS)\"/>
      <SrcPath Value="$(LazarusDir)\lcl\;$(LazarusDir)\lcl\interfaces\$(LCLWidgetType)\"/>
      <LCLWidgetType Value="win32"/>
    </SearchPaths>
    <Parsing>
      <SyntaxOptions>
        <CStyleOperator Value="False"/>
      </SyntaxOptions>
    </Parsing>
    <Linking>
      <Debugging>
        <GenerateDebugInfo Value="True"/>
      </Debugging>
      <Options>
        <Win32>
          <GraphicApplication Value="True"/>
        </Win32>
      </Options>
    </Linking>
    <Other>
      <CompilerPath Value="$(CompPath)"/>
    </Other>
  </CompilerOptions>
  <Debugging>
    <Exceptions Count="1">
      <Item1>
        <Name Value="EAccessViolation"/>
      </Item1>
    </Exceptions>
  </Debugging>
</CONFIG>
