<?xml version="1.0"?>
<CONFIG>
  <ProjectOptions>
    <PathDelim Value="\"/>
    <Version Value="7"/>
    <General>
      <Flags>
        <LRSInOutputDirectory Value="False"/>
      </Flags>
      <MainUnit Value="0"/>
      <TargetFileExt Value=".exe"/>
      <Title Value="WinFF"/>
      <ActiveEditorIndexAtStart Value="0"/>
    </General>
    <i18n>
      <OutDir Value="languages"/>
    </i18n>
    <VersionInfo>
      <UseVersionInfo Value="True"/>
      <CurrentVersionNr Value="1"/>
      <CurrentMajorRevNr Value="2"/>
      <ProjectVersion Value="1.2.0.0"/>
      <Comments Value="WinFF Video Converter"/>
      <CompanyName Value="WinFF.org"/>
      <FileDescription Value="WinFF Video Converter"/>
      <InternalName Value="winff"/>
      <LegalCopyright Value="Copyright 2010, GPL v3 by Matthew Weatherford"/>
      <OriginalFilename Value="winff.exe"/>
      <ProductName Value="WinFF"/>
    </VersionInfo>
    <PublishOptions>
      <Version Value="2"/>
      <IgnoreBinaries Value="False"/>
      <IncludeFileFilter Value="*.(pas|pp|inc|lfm|lpr|lrs|lpi|lpk|sh|xml)"/>
      <ExcludeFileFilter Value="*.(bak|ppu|ppw|o|so);*~;backup"/>
    </PublishOptions>
    <RunParams>
      <local>
        <FormatVersion Value="1"/>
        <LaunchingApplication PathPlusParams="\usr\X11R6\bin\xterm -T 'Lazarus Run Output' -e $(LazarusDir)\tools\runwait.sh $(TargetCmdLine)"/>
      </local>
    </RunParams>
    <RequiredPackages Count="2">
      <Item1>
        <PackageName Value="FCL"/>
        <MinVersion Major="1" Valid="True"/>
      </Item1>
      <Item2>
        <PackageName Value="LCL"/>
      </Item2>
    </RequiredPackages>
    <Units Count="30">
      <Unit0>
        <Filename Value="winff.lpr"/>
        <IsPartOfProject Value="True"/>
        <UnitName Value="winff"/>
        <CursorPos X="49" Y="35"/>
        <TopLine Value="18"/>
        <UsageCount Value="214"/>
      </Unit0>
      <Unit1>
        <Filename Value="unit1.pas"/>
        <IsPartOfProject Value="True"/>
        <ComponentName Value="Form1"/>
        <ResourceBaseClass Value="Form"/>
        <UnitName Value="Unit1"/>
        <CursorPos X="7" Y="48"/>
        <TopLine Value="31"/>
        <EditorIndex Value="0"/>
        <UsageCount Value="214"/>
        <Bookmarks Count="2">
          <Item0 X="23" Y="453" ID="1"/>
          <Item1 X="1" Y="313" ID="2"/>
        </Bookmarks>
        <Loaded Value="True"/>
      </Unit1>
      <Unit2>
        <Filename Value="unit2.pas"/>
        <IsPartOfProject Value="True"/>
        <ComponentName Value="Form2"/>
        <ResourceBaseClass Value="Form"/>
        <UnitName Value="Unit2"/>
        <CursorPos X="1" Y="63"/>
        <TopLine Value="63"/>
        <UsageCount Value="210"/>
      </Unit2>
      <Unit3>
        <Filename Value="unit3.pas"/>
        <IsPartOfProject Value="True"/>
        <ComponentName Value="Form3"/>
        <ResourceBaseClass Value="Form"/>
        <UnitName Value="Unit3"/>
        <CursorPos X="40" Y="122"/>
        <TopLine Value="96"/>
        <UsageCount Value="201"/>
      </Unit3>
      <Unit4>
        <Filename Value="usr\share\lazarus\lcl\include\application.inc"/>
        <CursorPos X="1" Y="315"/>
        <TopLine Value="286"/>
        <UsageCount Value="2"/>
      </Unit4>
      <Unit5>
        <Filename Value="usr\share\lazarus\lcl\interfaces\gtk\gtkobject.inc"/>
        <CursorPos X="1" Y="1912"/>
        <TopLine Value="1883"/>
        <UsageCount Value="2"/>
      </Unit5>
      <Unit6>
        <Filename Value="usr\share\lazarus\lcl\interfaces\gtk\gtkproc.inc"/>
        <CursorPos X="1" Y="3204"/>
        <TopLine Value="3177"/>
        <UsageCount Value="2"/>
      </Unit6>
      <Unit7>
        <Filename Value="DOCUME~1\matt\LOCALS~1\Temp\testcompileroptions.pas"/>
        <UnitName Value="testcompileroptions"/>
        <CursorPos X="1" Y="1"/>
        <TopLine Value="1"/>
        <UsageCount Value="2"/>
      </Unit7>
      <Unit8>
        <Filename Value="DOCUME~1\matt\LOCALS~1\Temp\testcompileroptions1.pas"/>
        <UnitName Value="testcompileroptions1"/>
        <CursorPos X="1" Y="1"/>
        <TopLine Value="1"/>
        <UsageCount Value="2"/>
      </Unit8>
      <Unit9>
        <Filename Value="unit4.pas"/>
        <IsPartOfProject Value="True"/>
        <ComponentName Value="Form4"/>
        <ResourceBaseClass Value="Form"/>
        <UnitName Value="Unit4"/>
        <CursorPos X="48" Y="202"/>
        <TopLine Value="179"/>
        <UsageCount Value="200"/>
      </Unit9>
      <Unit10>
        <Filename Value="unit5.pas"/>
        <IsPartOfProject Value="True"/>
        <ComponentName Value="Form5"/>
        <ResourceBaseClass Value="Form"/>
        <UnitName Value="Unit5"/>
        <CursorPos X="1" Y="82"/>
        <TopLine Value="42"/>
        <UsageCount Value="201"/>
      </Unit10>
      <Unit11>
        <Filename Value="usr\share\lazarus\lcl\lclproc.pas"/>
        <UnitName Value="LCLProc"/>
        <CursorPos X="1" Y="786"/>
        <TopLine Value="771"/>
        <UsageCount Value="4"/>
      </Unit11>
      <Unit12>
        <Filename Value="usr\share\lazarus\lcl\interfaces\gtk2\gtk2int.pas"/>
        <UnitName Value="Gtk2Int"/>
        <CursorPos X="1" Y="387"/>
        <TopLine Value="372"/>
        <UsageCount Value="4"/>
      </Unit12>
      <Unit13>
        <Filename Value="usr\share\lazarus\lcl\include\customlistbox.inc"/>
        <CursorPos X="1" Y="493"/>
        <TopLine Value="478"/>
        <UsageCount Value="4"/>
      </Unit13>
      <Unit14>
        <Filename Value="usr\share\lazarus\lcl\include\wincontrol.inc"/>
        <CursorPos X="1" Y="4468"/>
        <TopLine Value="4453"/>
        <UsageCount Value="4"/>
      </Unit14>
      <Unit15>
        <Filename Value="usr\share\lazarus\lcl\interfaces\gtk2\gtk2wsstdctrls.pp"/>
        <UnitName Value="Gtk2WSStdCtrls"/>
        <CursorPos X="1" Y="293"/>
        <TopLine Value="278"/>
        <UsageCount Value="4"/>
      </Unit15>
      <Unit16>
        <Filename Value="unit6.pas"/>
        <IsPartOfProject Value="True"/>
        <ComponentName Value="Form6"/>
        <HasResources Value="True"/>
        <ResourceBaseClass Value="Form"/>
        <UnitName Value="unit6"/>
        <CursorPos X="1" Y="165"/>
        <TopLine Value="133"/>
        <UsageCount Value="80"/>
      </Unit16>
      <Unit17>
        <Filename Value="..\..\..\usr\lib\lazarus\lcl\interfaces\gtk2\interfaces.pas"/>
        <UnitName Value="Interfaces"/>
        <CursorPos X="1" Y="1"/>
        <TopLine Value="3"/>
        <UsageCount Value="7"/>
      </Unit17>
      <Unit18>
        <Filename Value="..\..\..\usr\lib\lazarus\ide\lazarus.pp"/>
        <UnitName Value="Lazarus"/>
        <CursorPos X="1" Y="1"/>
        <TopLine Value="1"/>
        <UsageCount Value="7"/>
      </Unit18>
      <Unit19>
        <Filename Value="..\..\..\usr\lib\lazarus\lcl\interfaces\qt\qt4.pas"/>
        <UnitName Value="qt4"/>
        <CursorPos X="1" Y="10946"/>
        <TopLine Value="10907"/>
        <UsageCount Value="8"/>
      </Unit19>
      <Unit20>
        <Filename Value="unit1.lfm"/>
        <CursorPos X="10" Y="297"/>
        <TopLine Value="284"/>
        <UsageCount Value="7"/>
        <SyntaxHighlighter Value="LFM"/>
      </Unit20>
      <Unit21>
        <Filename Value="..\..\..\usr\lib\lazarus\lcl\interfaces\gtk2\gtk2int.pas"/>
        <UnitName Value="Gtk2Int"/>
        <CursorPos X="79" Y="15"/>
        <TopLine Value="4"/>
        <UsageCount Value="16"/>
      </Unit21>
      <Unit22>
        <Filename Value="..\..\..\usr\lib\lazarus\lcl\include\customform.inc"/>
        <CursorPos X="1" Y="627"/>
        <TopLine Value="608"/>
        <UsageCount Value="13"/>
      </Unit22>
      <Unit23>
        <Filename Value="..\..\..\usr\share\fpcsrc\packages\fcl-xml\src\xmlread.pp"/>
        <UnitName Value="XMLRead"/>
        <CursorPos X="11" Y="44"/>
        <TopLine Value="584"/>
        <UsageCount Value="7"/>
      </Unit23>
      <Unit24>
        <Filename Value="..\..\..\usr\share\fpcsrc\rtl\objpas\sysutils\finah.inc"/>
        <CursorPos X="10" Y="23"/>
        <TopLine Value="3"/>
        <UsageCount Value="7"/>
      </Unit24>
      <Unit25>
        <Filename Value="..\..\..\usr\lib\lazarus\lcl\include\control.inc"/>
        <CursorPos X="1" Y="2095"/>
        <TopLine Value="2076"/>
        <UsageCount Value="7"/>
      </Unit25>
      <Unit26>
        <Filename Value="..\..\..\usr\lib\lazarus\lcl\interfaces\gtk2\gtk2wsstdctrls.pp"/>
        <UnitName Value="Gtk2WSStdCtrls"/>
        <CursorPos X="43" Y="717"/>
        <TopLine Value="688"/>
        <UsageCount Value="7"/>
      </Unit26>
      <Unit27>
        <Filename Value="..\..\..\usr\lib\lazarus\lcl\propertystorage.pas"/>
        <UnitName Value="PropertyStorage"/>
        <CursorPos X="1" Y="533"/>
        <TopLine Value="514"/>
        <UsageCount Value="11"/>
      </Unit27>
      <Unit28>
        <Filename Value="..\..\..\usr\lib\lazarus\lcl\translations.pas"/>
        <UnitName Value="Translations"/>
        <CursorPos X="38" Y="318"/>
        <TopLine Value="426"/>
        <UsageCount Value="11"/>
      </Unit28>
      <Unit29>
        <Filename Value="..\..\..\lazarus\fpc\2.2.2\source\packages\fcl-base\src\gettext.pp"/>
        <UnitName Value="gettext"/>
        <CursorPos X="1" Y="1"/>
        <TopLine Value="1"/>
        <UsageCount Value="8"/>
      </Unit29>
    </Units>
    <JumpHistory Count="0" HistoryIndex="-1"/>
  </ProjectOptions>
  <CompilerOptions>
    <Version Value="8"/>
    <PathDelim Value="\"/>
    <SearchPaths>
      <OtherUnitFiles Value="$(LazarusDir)\components\codetools\units\$(TargetCPU)-$(TargetOS)\"/>
      <SrcPath Value="$(LazarusDir)\lcl\;$(LazarusDir)\lcl\interfaces\$(LCLWidgetType)\"/>
      <LCLWidgetType Value="gtk2"/>
    </SearchPaths>
    <Parsing>
      <SyntaxOptions>
        <CStyleOperator Value="False"/>
      </SyntaxOptions>
    </Parsing>
    <Linking>
      <Debugging>
        <GenerateDebugInfo Value="True"/>
      </Debugging>
      <Options>
        <Win32>
          <GraphicApplication Value="True"/>
        </Win32>
      </Options>
    </Linking>
    <Other>
      <CompilerPath Value="$(CompPath)"/>
    </Other>
  </CompilerOptions>
  <Debugging>
    <Exceptions Count="1">
      <Item1>
        <Name Value="EAccessViolation"/>
      </Item1>
    </Exceptions>
  </Debugging>
</CONFIG>
