<?xml version="1.0"?>
<CONFIG>
  <ProjectOptions>
    <Version Value="7"/>
    <General>
      <MainUnit Value="0"/>
      <TargetFileExt Value=""/>
      <Icon Value="0"/>
      <UseXPManifest Value="True"/>
      <ActiveEditorIndexAtStart Value="6"/>
    </General>
    <VersionInfo>
      <UseVersionInfo Value="True"/>
      <AutoIncrementBuild Value="True"/>
      <CurrentVersionNr Value="1"/>
      <CurrentMinorRevNr Value="1"/>
      <CurrentBuildNr Value="40"/>
      <ProjectVersion Value="1.0.1.0"/>
      <FileDescription Value="An easy to use front-end for the commandline encoder FFMpeg"/>
      <LegalCopyright Value="Matthew Weatherford"/>
    </VersionInfo>
    <PublishOptions>
      <Version Value="2"/>
      <IgnoreBinaries Value="False"/>
      <IncludeFileFilter Value="*.(pas|pp|inc|lfm|lpr|lrs|lpi|lpk|sh|xml)"/>
      <ExcludeFileFilter Value="*.(bak|ppu|ppw|o|so);*~;backup"/>
    </PublishOptions>
    <RunParams>
      <local>
        <FormatVersion Value="1"/>
        <LaunchingApplication PathPlusParams="/usr/X11R6/bin/xterm -T 'Lazarus Run Output' -e $(LazarusDir)/tools/runwait.sh $(TargetCmdLine)"/>
      </local>
    </RunParams>
    <RequiredPackages Count="2">
      <Item1>
        <PackageName Value="progresscolor"/>
        <MinVersion Major="1" Minor="2" Valid="True"/>
      </Item1>
      <Item2>
        <PackageName Value="LCL"/>
      </Item2>
    </RequiredPackages>
    <Units Count="12">
      <Unit0>
        <Filename Value="winff_new.lpr"/>
        <IsPartOfProject Value="True"/>
        <UnitName Value="winff_new"/>
        <CursorPos X="64" Y="11"/>
        <TopLine Value="11"/>
        <EditorIndex Value="2"/>
        <UsageCount Value="70"/>
        <Loaded Value="True"/>
      </Unit0>
      <Unit1>
        <Filename Value="units_forms/mainform_dialogs/umain.pas"/>
        <ComponentName Value="MainForm"/>
        <IsPartOfProject Value="True"/>
        <ResourceBaseClass Value="Form"/>
        <UnitName Value="umain"/>
        <CursorPos X="10" Y="142"/>
        <TopLine Value="140"/>
        <EditorIndex Value="0"/>
        <UsageCount Value="70"/>
        <Loaded Value="True"/>
      </Unit1>
      <Unit2>
        <Filename Value="units_forms/mainform_dialogs/upreseteditor.pas"/>
        <ComponentName Value="PresetEditorDialog"/>
        <IsPartOfProject Value="True"/>
        <ResourceBaseClass Value="Form"/>
        <UnitName Value="upreseteditor"/>
        <CursorPos X="32" Y="62"/>
        <TopLine Value="44"/>
        <EditorIndex Value="1"/>
        <UsageCount Value="70"/>
        <Loaded Value="True"/>
      </Unit2>
      <Unit3>
        <Filename Value="units_forms/mainform_dialogs/uexportpreset.pas"/>
        <ComponentName Value="ExportPresetDialog"/>
        <IsPartOfProject Value="True"/>
        <ResourceBaseClass Value="Form"/>
        <UnitName Value="uexportpreset"/>
        <CursorPos X="25" Y="20"/>
        <TopLine Value="9"/>
        <EditorIndex Value="8"/>
        <UsageCount Value="70"/>
        <Loaded Value="True"/>
      </Unit3>
      <Unit4>
        <Filename Value="units_forms/mainform_dialogs/upreferences.pas"/>
        <ComponentName Value="PreferencesDialog"/>
        <IsPartOfProject Value="True"/>
        <ResourceBaseClass Value="Form"/>
        <UnitName Value="upreferences"/>
        <CursorPos X="44" Y="68"/>
        <TopLine Value="50"/>
        <EditorIndex Value="7"/>
        <UsageCount Value="70"/>
        <Loaded Value="True"/>
      </Unit4>
      <Unit5>
        <Filename Value="units_forms/mainform_dialogs/uabout.pas"/>
        <ComponentName Value="AboutDialog"/>
        <IsPartOfProject Value="True"/>
        <ResourceBaseClass Value="Form"/>
        <UnitName Value="uabout"/>
        <CursorPos X="43" Y="43"/>
        <TopLine Value="25"/>
        <EditorIndex Value="6"/>
        <UsageCount Value="70"/>
        <Loaded Value="True"/>
      </Unit5>
      <Unit6>
        <Filename Value="units_forms/mainform_dialogs/ucmdlinedialog.pas"/>
        <ComponentName Value="CmdLineDialog"/>
        <IsPartOfProject Value="True"/>
        <ResourceBaseClass Value="Form"/>
        <UnitName Value="ucmdlinedialog"/>
        <CursorPos X="25" Y="24"/>
        <TopLine Value="1"/>
        <EditorIndex Value="5"/>
        <UsageCount Value="70"/>
        <Loaded Value="True"/>
      </Unit6>
      <Unit7>
        <Filename Value="units_forms/mainform_dialogs/uaddfilesdialog.pas"/>
        <ComponentName Value="AddFilesDialog"/>
        <IsPartOfProject Value="True"/>
        <ResourceBaseClass Value="Form"/>
        <UnitName Value="uaddfilesdialog"/>
        <CursorPos X="17" Y="16"/>
        <TopLine Value="1"/>
        <EditorIndex Value="3"/>
        <UsageCount Value="70"/>
        <Loaded Value="True"/>
      </Unit7>
      <Unit8>
        <Filename Value="units_forms/mainform_dialogs/usplashdialog.pas"/>
        <ComponentName Value="SplashDialog"/>
        <IsPartOfProject Value="True"/>
        <ResourceBaseClass Value="Form"/>
        <UnitName Value="usplashdialog"/>
        <CursorPos X="33" Y="33"/>
        <TopLine Value="5"/>
        <EditorIndex Value="4"/>
        <UsageCount Value="70"/>
        <Loaded Value="True"/>
      </Unit8>
      <Unit9>
        <Filename Value="units_forms/mainform_dialogs/upreseteditor.lfm"/>
        <CursorPos X="4" Y="1"/>
        <TopLine Value="80"/>
        <UsageCount Value="5"/>
        <SyntaxHighlighter Value="LFM"/>
      </Unit9>
      <Unit10>
        <Filename Value="units_forms/mainform_dialogs/umain.lfm"/>
        <CursorPos X="29" Y="60"/>
        <TopLine Value="42"/>
        <UsageCount Value="5"/>
        <SyntaxHighlighter Value="LFM"/>
      </Unit10>
      <Unit11>
        <Filename Value="../../../../../usr/lib/lazarus/lcl/buttons.pp"/>
        <UnitName Value="Buttons"/>
        <CursorPos X="25" Y="145"/>
        <TopLine Value="132"/>
        <UsageCount Value="6"/>
      </Unit11>
    </Units>
    <JumpHistory Count="30" HistoryIndex="29">
      <Position1>
        <Filename Value="units_forms/mainform_dialogs/upreferences.pas"/>
        <Caret Line="16" Column="21" TopLine="1"/>
      </Position1>
      <Position2>
        <Filename Value="units_forms/mainform_dialogs/upreferences.pas"/>
        <Caret Line="18" Column="27" TopLine="1"/>
      </Position2>
      <Position3>
        <Filename Value="units_forms/mainform_dialogs/upreferences.pas"/>
        <Caret Line="19" Column="29" TopLine="1"/>
      </Position3>
      <Position4>
        <Filename Value="units_forms/mainform_dialogs/upreferences.pas"/>
        <Caret Line="20" Column="19" TopLine="1"/>
      </Position4>
      <Position5>
        <Filename Value="units_forms/mainform_dialogs/upreferences.pas"/>
        <Caret Line="22" Column="14" TopLine="1"/>
      </Position5>
      <Position6>
        <Filename Value="units_forms/mainform_dialogs/upreferences.pas"/>
        <Caret Line="21" Column="19" TopLine="1"/>
      </Position6>
      <Position7>
        <Filename Value="units_forms/mainform_dialogs/upreferences.pas"/>
        <Caret Line="18" Column="23" TopLine="1"/>
      </Position7>
      <Position8>
        <Filename Value="units_forms/mainform_dialogs/upreferences.pas"/>
        <Caret Line="19" Column="27" TopLine="1"/>
      </Position8>
      <Position9>
        <Filename Value="units_forms/mainform_dialogs/upreferences.pas"/>
        <Caret Line="17" Column="21" TopLine="1"/>
      </Position9>
      <Position10>
        <Filename Value="units_forms/mainform_dialogs/upreferences.pas"/>
        <Caret Line="23" Column="16" TopLine="1"/>
      </Position10>
      <Position11>
        <Filename Value="units_forms/mainform_dialogs/upreferences.pas"/>
        <Caret Line="27" Column="14" TopLine="1"/>
      </Position11>
      <Position12>
        <Filename Value="units_forms/mainform_dialogs/upreferences.pas"/>
        <Caret Line="24" Column="19" TopLine="1"/>
      </Position12>
      <Position13>
        <Filename Value="units_forms/mainform_dialogs/upreferences.pas"/>
        <Caret Line="28" Column="14" TopLine="3"/>
      </Position13>
      <Position14>
        <Filename Value="units_forms/mainform_dialogs/upreferences.pas"/>
        <Caret Line="25" Column="19" TopLine="3"/>
      </Position14>
      <Position15>
        <Filename Value="units_forms/mainform_dialogs/upreferences.pas"/>
        <Caret Line="29" Column="14" TopLine="4"/>
      </Position15>
      <Position16>
        <Filename Value="units_forms/mainform_dialogs/upreferences.pas"/>
        <Caret Line="26" Column="19" TopLine="4"/>
      </Position16>
      <Position17>
        <Filename Value="units_forms/mainform_dialogs/upreferences.pas"/>
        <Caret Line="30" Column="14" TopLine="5"/>
      </Position17>
      <Position18>
        <Filename Value="units_forms/mainform_dialogs/upreferences.pas"/>
        <Caret Line="27" Column="19" TopLine="5"/>
      </Position18>
      <Position19>
        <Filename Value="units_forms/mainform_dialogs/upreferences.pas"/>
        <Caret Line="21" Column="23" TopLine="5"/>
      </Position19>
      <Position20>
        <Filename Value="units_forms/mainform_dialogs/upreferences.pas"/>
        <Caret Line="29" Column="27" TopLine="5"/>
      </Position20>
      <Position21>
        <Filename Value="units_forms/mainform_dialogs/upreferences.pas"/>
        <Caret Line="23" Column="23" TopLine="5"/>
      </Position21>
      <Position22>
        <Filename Value="units_forms/mainform_dialogs/upreferences.pas"/>
        <Caret Line="46" Column="50" TopLine="39"/>
      </Position22>
      <Position23>
        <Filename Value="units_forms/mainform_dialogs/upreferences.pas"/>
        <Caret Line="47" Column="44" TopLine="44"/>
      </Position23>
      <Position24>
        <Filename Value="units_forms/mainform_dialogs/umain.pas"/>
        <Caret Line="95" Column="46" TopLine="95"/>
      </Position24>
      <Position25>
        <Filename Value="units_forms/mainform_dialogs/uabout.pas"/>
        <Caret Line="1" Column="88" TopLine="1"/>
      </Position25>
      <Position26>
        <Filename Value="units_forms/mainform_dialogs/uabout.pas"/>
        <Caret Line="17" Column="46" TopLine="10"/>
      </Position26>
      <Position27>
        <Filename Value="units_forms/mainform_dialogs/uabout.pas"/>
        <Caret Line="33" Column="10" TopLine="15"/>
      </Position27>
      <Position28>
        <Filename Value="units_forms/mainform_dialogs/uabout.pas"/>
        <Caret Line="17" Column="21" TopLine="9"/>
      </Position28>
      <Position29>
        <Filename Value="units_forms/mainform_dialogs/uabout.pas"/>
        <Caret Line="18" Column="15" TopLine="9"/>
      </Position29>
      <Position30>
        <Filename Value="units_forms/mainform_dialogs/uabout.pas"/>
        <Caret Line="22" Column="44" TopLine="18"/>
      </Position30>
    </JumpHistory>
  </ProjectOptions>
  <CompilerOptions>
    <Version Value="8"/>
    <SearchPaths>
      <IncludeFiles Value="$(ProjOutDir)/"/>
      <OtherUnitFiles Value="units_forms/mainform_dialogs/"/>
      <UnitOutputDirectory Value="unit_output"/>
    </SearchPaths>
    <Linking>
      <Options>
        <Win32>
          <GraphicApplication Value="True"/>
        </Win32>
      </Options>
    </Linking>
    <Other>
      <CompilerPath Value="$(CompPath)"/>
    </Other>
  </CompilerOptions>
  <Debugging>
    <Exceptions Count="3">
      <Item1>
        <Name Value="EAbort"/>
      </Item1>
      <Item2>
        <Name Value="ECodetoolError"/>
      </Item2>
      <Item3>
        <Name Value="EFOpenError"/>
      </Item3>
    </Exceptions>
  </Debugging>
</CONFIG>
