<?xml version="1.0"?>
<CONFIG>
  <ProjectOptions>
    <Version Value="9"/>
    <General>
      <Flags>
        <LRSInOutputDirectory Value="False"/>
      </Flags>
      <SessionStorage Value="InProjectDir"/>
      <MainUnit Value="0"/>
      <Title Value="WinFF"/>
    </General>
    <i18n>
      <EnableI18N Value="True"/>
      <OutDir Value="languages"/>
    </i18n>
    <VersionInfo>
      <UseVersionInfo Value="True"/>
      <MajorVersionNr Value="1"/>
      <MinorVersionNr Value="3"/>
      <RevisionNr Value="2"/>
      <StringTable Comments="WinFF Video Converter" CompanyName="WinFF.org" FileDescription="WinFF Video Converter" InternalName="winff" LegalCopyright="Copyright 2011, GPL v3 by Matthew Weatherford" OriginalFilename="winff.exe" ProductName="WinFF" ProductVersion="1.2.0.0"/>
    </VersionInfo>
    <BuildModes Count="1">
      <Item1 Name="default" Default="True"/>
    </BuildModes>
    <PublishOptions>
      <Version Value="2"/>
      <IgnoreBinaries Value="False"/>
      <IncludeFileFilter Value="*.(pas|pp|inc|lfm|lpr|lrs|lpi|lpk|sh|xml)"/>
      <ExcludeFileFilter Value="*.(bak|ppu|ppw|o|so);*~;backup"/>
    </PublishOptions>
    <RunParams>
      <local>
        <FormatVersion Value="1"/>
        <LaunchingApplication PathPlusParams="/usr/X11R6/bin/xterm -T 'Lazarus Run Output' -e $(LazarusDir)/tools/runwait.sh $(TargetCmdLine)"/>
      </local>
    </RunParams>
    <RequiredPackages Count="2">
      <Item1>
        <PackageName Value="FCL"/>
        <MinVersion Major="1" Valid="True"/>
      </Item1>
      <Item2>
        <PackageName Value="LCL"/>
      </Item2>
    </RequiredPackages>
    <Units Count="8">
      <Unit0>
        <Filename Value="winff.lpr"/>
        <IsPartOfProject Value="True"/>
        <UnitName Value="winff"/>
      </Unit0>
      <Unit1>
        <Filename Value="unit1.pas"/>
        <IsPartOfProject Value="True"/>
        <ComponentName Value="frmMain"/>
        <ResourceBaseClass Value="Form"/>
        <UnitName Value="Unit1"/>
      </Unit1>
      <Unit2>
        <Filename Value="unit2.pas"/>
        <IsPartOfProject Value="True"/>
        <ComponentName Value="frmEditPresets"/>
        <ResourceBaseClass Value="Form"/>
        <UnitName Value="Unit2"/>
      </Unit2>
      <Unit3>
        <Filename Value="unit3.pas"/>
        <IsPartOfProject Value="True"/>
        <ComponentName Value="frmAbout"/>
        <ResourceBaseClass Value="Form"/>
        <UnitName Value="Unit3"/>
      </Unit3>
      <Unit4>
        <Filename Value="unit4.pas"/>
        <IsPartOfProject Value="True"/>
        <ComponentName Value="frmPreferences"/>
        <ResourceBaseClass Value="Form"/>
        <UnitName Value="Unit4"/>
      </Unit4>
      <Unit5>
        <Filename Value="unit5.pas"/>
        <IsPartOfProject Value="True"/>
        <ComponentName Value="frmScript"/>
        <ResourceBaseClass Value="Form"/>
        <UnitName Value="Unit5"/>
      </Unit5>
      <Unit6>
        <Filename Value="unit6.pas"/>
        <IsPartOfProject Value="True"/>
        <ComponentName Value="frmExport"/>
        <HasResources Value="True"/>
        <ResourceBaseClass Value="Form"/>
        <UnitName Value="unit6"/>
      </Unit6>
      <Unit7>
        <Filename Value="potranslator.pas"/>
        <IsPartOfProject Value="True"/>
        <UnitName Value="PoTranslator"/>
      </Unit7>
    </Units>
  </ProjectOptions>
  <CompilerOptions>
    <Version Value="9"/>
    <SearchPaths>
      <OtherUnitFiles Value="$(LazarusDir)/components/codetools/units/$(TargetCPU)-$(TargetOS)"/>
      <SrcPath Value="$(LazarusDir)/lcl;$(LazarusDir)/lcl/interfaces/$(LCLWidgetType)"/>
    </SearchPaths>
    <Parsing>
      <SyntaxOptions>
        <CStyleOperator Value="False"/>
        <UseAnsiStrings Value="False"/>
      </SyntaxOptions>
    </Parsing>
    <Linking>
      <Debugging>
        <GenerateDebugInfo Value="True"/>
      </Debugging>
      <Options>
        <Win32>
          <GraphicApplication Value="True"/>
        </Win32>
      </Options>
    </Linking>
    <Other>
      <CompilerPath Value="$(CompPath)"/>
    </Other>
  </CompilerOptions>
</CONFIG>
