<?xml version="1.0"?>
<CONFIG>
  <ProjectOptions>
    <PathDelim Value="\"/>
    <Version Value="6"/>
    <General>
      <MainUnit Value="0"/>
      <IconPath Value=".\"/>
      <TargetFileExt Value=".exe"/>
      <Title Value="WinFF"/>
      <ActiveEditorIndexAtStart Value="1"/>
    </General>
    <i18n>
      <OutDir Value="languages"/>
    </i18n>
    <VersionInfo>
      <CurrentMajorRevNr Value="2"/>
      <CurrentMinorRevNr Value="8"/>
      <LegalCopyright Value="Copyright 2007, GPL v2 by Matthew Weatherford"/>
    </VersionInfo>
    <PublishOptions>
      <Version Value="2"/>
      <DestinationDirectory Value="$(TestDir)\publishedproject\"/>
      <IgnoreBinaries Value="False"/>
      <IncludeFileFilter Value="*.(pas|pp|inc|lfm|lpr|lrs|lpi|lpk|sh|xml)"/>
      <ExcludeFileFilter Value="*.(bak|ppu|ppw|o|so);*~;backup"/>
    </PublishOptions>
    <RunParams>
      <local>
        <FormatVersion Value="1"/>
        <LaunchingApplication PathPlusParams="\usr\X11R6\bin\xterm -T 'Lazarus Run Output' -e $(LazarusDir)\tools\runwait.sh $(TargetCmdLine)"/>
      </local>
    </RunParams>
    <RequiredPackages Count="2">
      <Item1>
        <PackageName Value="FCL"/>
        <MinVersion Major="1" Valid="True"/>
      </Item1>
      <Item2>
        <PackageName Value="LCL"/>
      </Item2>
    </RequiredPackages>
    <Units Count="29">
      <Unit0>
        <Filename Value="winff.lpr"/>
        <IsPartOfProject Value="True"/>
        <UnitName Value="winff"/>
        <CursorPos X="11" Y="11"/>
        <TopLine Value="1"/>
        <EditorIndex Value="5"/>
        <UsageCount Value="214"/>
        <Loaded Value="True"/>
      </Unit0>
      <Unit1>
        <Filename Value="unit1.pas"/>
        <ComponentName Value="Form1"/>
        <IsPartOfProject Value="True"/>
        <ResourceBaseClass Value="Form"/>
        <ResourceFilename Value="unit1.lrs"/>
        <UnitName Value="Unit1"/>
        <CursorPos X="32" Y="1542"/>
        <TopLine Value="1512"/>
        <EditorIndex Value="0"/>
        <UsageCount Value="214"/>
        <Loaded Value="True"/>
      </Unit1>
      <Unit2>
        <Filename Value="unit2.pas"/>
        <ComponentName Value="Form2"/>
        <IsPartOfProject Value="True"/>
        <ResourceBaseClass Value="Form"/>
        <ResourceFilename Value="unit2.lrs"/>
        <UnitName Value="Unit2"/>
        <CursorPos X="3" Y="353"/>
        <TopLine Value="341"/>
        <EditorIndex Value="1"/>
        <UsageCount Value="210"/>
        <Bookmarks Count="1">
          <Item0 X="3" Y="457" ID="1"/>
        </Bookmarks>
        <Loaded Value="True"/>
      </Unit2>
      <Unit3>
        <Filename Value="unit3.pas"/>
        <ComponentName Value="Form3"/>
        <IsPartOfProject Value="True"/>
        <ResourceBaseClass Value="Form"/>
        <ResourceFilename Value="unit3.lrs"/>
        <UnitName Value="Unit3"/>
        <CursorPos X="21" Y="29"/>
        <TopLine Value="27"/>
        <EditorIndex Value="2"/>
        <UsageCount Value="201"/>
        <Loaded Value="True"/>
      </Unit3>
      <Unit4>
        <Filename Value="usr\share\lazarus\lcl\include\application.inc"/>
        <CursorPos X="1" Y="315"/>
        <TopLine Value="286"/>
        <UsageCount Value="4"/>
      </Unit4>
      <Unit5>
        <Filename Value="usr\share\lazarus\lcl\interfaces\gtk\gtkobject.inc"/>
        <CursorPos X="1" Y="1912"/>
        <TopLine Value="1883"/>
        <UsageCount Value="4"/>
      </Unit5>
      <Unit6>
        <Filename Value="usr\share\lazarus\lcl\interfaces\gtk\gtkproc.inc"/>
        <CursorPos X="1" Y="3204"/>
        <TopLine Value="3177"/>
        <UsageCount Value="4"/>
      </Unit6>
      <Unit7>
        <Filename Value="DOCUME~1\matt\LOCALS~1\Temp\testcompileroptions.pas"/>
        <UnitName Value="testcompileroptions"/>
        <CursorPos X="1" Y="1"/>
        <TopLine Value="1"/>
        <UsageCount Value="4"/>
      </Unit7>
      <Unit8>
        <Filename Value="DOCUME~1\matt\LOCALS~1\Temp\testcompileroptions1.pas"/>
        <UnitName Value="testcompileroptions1"/>
        <CursorPos X="1" Y="1"/>
        <TopLine Value="1"/>
        <UsageCount Value="4"/>
      </Unit8>
      <Unit9>
        <Filename Value="unit4.pas"/>
        <ComponentName Value="Form4"/>
        <IsPartOfProject Value="True"/>
        <ResourceBaseClass Value="Form"/>
        <ResourceFilename Value="unit4.lrs"/>
        <UnitName Value="Unit4"/>
        <CursorPos X="1" Y="96"/>
        <TopLine Value="78"/>
        <EditorIndex Value="3"/>
        <UsageCount Value="200"/>
        <Loaded Value="True"/>
      </Unit9>
      <Unit10>
        <Filename Value="unit5.pas"/>
        <ComponentName Value="Form5"/>
        <IsPartOfProject Value="True"/>
        <ResourceBaseClass Value="Form"/>
        <ResourceFilename Value="unit5.lrs"/>
        <UnitName Value="Unit5"/>
        <CursorPos X="59" Y="46"/>
        <TopLine Value="20"/>
        <EditorIndex Value="4"/>
        <UsageCount Value="201"/>
        <Loaded Value="True"/>
      </Unit10>
      <Unit11>
        <Filename Value="usr\share\lazarus\lcl\lclproc.pas"/>
        <UnitName Value="LCLProc"/>
        <CursorPos X="1" Y="786"/>
        <TopLine Value="771"/>
        <UsageCount Value="6"/>
      </Unit11>
      <Unit12>
        <Filename Value="usr\share\lazarus\lcl\interfaces\gtk2\gtk2int.pas"/>
        <UnitName Value="Gtk2Int"/>
        <CursorPos X="1" Y="387"/>
        <TopLine Value="372"/>
        <UsageCount Value="6"/>
      </Unit12>
      <Unit13>
        <Filename Value="usr\share\lazarus\lcl\include\customlistbox.inc"/>
        <CursorPos X="1" Y="493"/>
        <TopLine Value="478"/>
        <UsageCount Value="6"/>
      </Unit13>
      <Unit14>
        <Filename Value="usr\share\lazarus\lcl\include\wincontrol.inc"/>
        <CursorPos X="1" Y="4468"/>
        <TopLine Value="4453"/>
        <UsageCount Value="6"/>
      </Unit14>
      <Unit15>
        <Filename Value="usr\share\lazarus\lcl\interfaces\gtk2\gtk2wsstdctrls.pp"/>
        <UnitName Value="Gtk2WSStdCtrls"/>
        <CursorPos X="1" Y="293"/>
        <TopLine Value="278"/>
        <UsageCount Value="6"/>
      </Unit15>
      <Unit16>
        <Filename Value="unit6.pas"/>
        <UnitName Value="Unit6"/>
        <CursorPos X="17" Y="22"/>
        <TopLine Value="1"/>
        <UsageCount Value="18"/>
      </Unit16>
      <Unit17>
        <Filename Value="..\..\..\..\usr\lib\lazarus\lcl\interfaces\gtk2\interfaces.pas"/>
        <UnitName Value="Interfaces"/>
        <CursorPos X="1" Y="1"/>
        <TopLine Value="3"/>
        <UsageCount Value="9"/>
      </Unit17>
      <Unit18>
        <Filename Value="..\..\..\..\usr\lib\lazarus\ide\lazarus.pp"/>
        <UnitName Value="Lazarus"/>
        <CursorPos X="1" Y="1"/>
        <TopLine Value="1"/>
        <UsageCount Value="9"/>
      </Unit18>
      <Unit19>
        <Filename Value="..\..\..\..\usr\lib\lazarus\lcl\interfaces\qt\qt4.pas"/>
        <UnitName Value="qt4"/>
        <CursorPos X="1" Y="10946"/>
        <TopLine Value="10907"/>
        <UsageCount Value="10"/>
      </Unit19>
      <Unit20>
        <Filename Value="unit1.lfm"/>
        <CursorPos X="10" Y="297"/>
        <TopLine Value="284"/>
        <UsageCount Value="9"/>
        <SyntaxHighlighter Value="LFM"/>
      </Unit20>
      <Unit21>
        <Filename Value="..\..\..\..\usr\lib\lazarus\lcl\interfaces\gtk2\gtk2int.pas"/>
        <UnitName Value="Gtk2Int"/>
        <CursorPos X="79" Y="15"/>
        <TopLine Value="4"/>
        <UsageCount Value="18"/>
      </Unit21>
      <Unit22>
        <Filename Value="..\..\..\..\usr\lib\lazarus\lcl\include\customform.inc"/>
        <CursorPos X="1" Y="627"/>
        <TopLine Value="608"/>
        <UsageCount Value="15"/>
      </Unit22>
      <Unit23>
        <Filename Value="..\..\..\..\usr\share\fpcsrc\packages\fcl-xml\src\xmlread.pp"/>
        <UnitName Value="XMLRead"/>
        <CursorPos X="11" Y="44"/>
        <TopLine Value="584"/>
        <UsageCount Value="9"/>
      </Unit23>
      <Unit24>
        <Filename Value="..\..\..\..\usr\share\fpcsrc\rtl\objpas\sysutils\finah.inc"/>
        <CursorPos X="10" Y="23"/>
        <TopLine Value="3"/>
        <UsageCount Value="9"/>
      </Unit24>
      <Unit25>
        <Filename Value="..\..\..\..\usr\lib\lazarus\lcl\include\control.inc"/>
        <CursorPos X="1" Y="2095"/>
        <TopLine Value="2076"/>
        <UsageCount Value="9"/>
      </Unit25>
      <Unit26>
        <Filename Value="..\..\..\..\usr\lib\lazarus\lcl\interfaces\gtk2\gtk2wsstdctrls.pp"/>
        <UnitName Value="Gtk2WSStdCtrls"/>
        <CursorPos X="43" Y="717"/>
        <TopLine Value="688"/>
        <UsageCount Value="9"/>
      </Unit26>
      <Unit27>
        <Filename Value="..\..\..\..\usr\lib\lazarus\lcl\propertystorage.pas"/>
        <UnitName Value="PropertyStorage"/>
        <CursorPos X="1" Y="533"/>
        <TopLine Value="514"/>
        <UsageCount Value="13"/>
      </Unit27>
      <Unit28>
        <Filename Value="..\..\..\..\usr\lib\lazarus\lcl\translations.pas"/>
        <UnitName Value="Translations"/>
        <CursorPos X="38" Y="318"/>
        <TopLine Value="426"/>
        <UsageCount Value="13"/>
      </Unit28>
    </Units>
    <JumpHistory Count="18" HistoryIndex="17">
      <Position1>
        <Filename Value="unit1.pas"/>
        <Caret Line="572" Column="1" TopLine="553"/>
      </Position1>
      <Position2>
        <Filename Value="unit1.pas"/>
        <Caret Line="57" Column="25" TopLine="57"/>
      </Position2>
      <Position3>
        <Filename Value="unit1.pas"/>
        <Caret Line="968" Column="1" TopLine="938"/>
      </Position3>
      <Position4>
        <Filename Value="unit1.pas"/>
        <Caret Line="961" Column="29" TopLine="932"/>
      </Position4>
      <Position5>
        <Filename Value="unit1.pas"/>
        <Caret Line="112" Column="45" TopLine="111"/>
      </Position5>
      <Position6>
        <Filename Value="unit1.pas"/>
        <Caret Line="1298" Column="117" TopLine="1289"/>
      </Position6>
      <Position7>
        <Filename Value="winff.lpr"/>
        <Caret Line="11" Column="11" TopLine="1"/>
      </Position7>
      <Position8>
        <Filename Value="unit1.pas"/>
        <Caret Line="478" Column="40" TopLine="450"/>
      </Position8>
      <Position9>
        <Filename Value="unit1.pas"/>
        <Caret Line="61" Column="20" TopLine="60"/>
      </Position9>
      <Position10>
        <Filename Value="unit1.pas"/>
        <Caret Line="57" Column="26" TopLine="57"/>
      </Position10>
      <Position11>
        <Filename Value="unit1.pas"/>
        <Caret Line="58" Column="25" TopLine="57"/>
      </Position11>
      <Position12>
        <Filename Value="unit1.pas"/>
        <Caret Line="116" Column="48" TopLine="115"/>
      </Position12>
      <Position13>
        <Filename Value="winff.lpr"/>
        <Caret Line="27" Column="32" TopLine="1"/>
      </Position13>
      <Position14>
        <Filename Value="winff.lpr"/>
        <Caret Line="31" Column="1" TopLine="1"/>
      </Position14>
      <Position15>
        <Filename Value="winff.lpr"/>
        <Caret Line="6" Column="47" TopLine="1"/>
      </Position15>
      <Position16>
        <Filename Value="winff.lpr"/>
        <Caret Line="31" Column="1" TopLine="1"/>
      </Position16>
      <Position17>
        <Filename Value="unit3.pas"/>
        <Caret Line="98" Column="65" TopLine="79"/>
      </Position17>
      <Position18>
        <Filename Value="unit3.pas"/>
        <Caret Line="28" Column="21" TopLine="27"/>
      </Position18>
    </JumpHistory>
  </ProjectOptions>
  <CompilerOptions>
    <Version Value="8"/>
    <PathDelim Value="\"/>
    <SearchPaths>
      <OtherUnitFiles Value="$(LazarusDir)\components\codetools\units\$(TargetCPU)-$(TargetOS)\"/>
      <LCLWidgetType Value="win32"/>
      <SrcPath Value="$(LazarusDir)\lcl\;$(LazarusDir)\lcl\interfaces\$(LCLWidgetType)\"/>
    </SearchPaths>
    <Parsing>
      <SyntaxOptions>
        <CStyleOperator Value="False"/>
      </SyntaxOptions>
    </Parsing>
    <Linking>
      <Debugging>
        <GenerateDebugInfo Value="True"/>
      </Debugging>
      <Options>
        <Win32>
          <GraphicApplication Value="True"/>
        </Win32>
      </Options>
    </Linking>
    <Other>
      <CompilerPath Value="$(CompPath)"/>
    </Other>
  </CompilerOptions>
</CONFIG>
