<?xml version="1.0"?>
<CONFIG>
  <ProjectOptions>
    <PathDelim Value="\"/>
    <Version Value="6"/>
    <General>
      <MainUnit Value="0"/>
      <IconPath Value=".\"/>
      <TargetFileExt Value=".exe"/>
      <Title Value="WinFF"/>
      <ActiveEditorIndexAtStart Value="0"/>
    </General>
    <i18n>
      <OutDir Value="languages"/>
    </i18n>
    <VersionInfo>
      <CurrentMajorRevNr Value="2"/>
      <CurrentMinorRevNr Value="8"/>
      <LegalCopyright Value="Copyright 2007, GPL v2 by Matthew Weatherford"/>
    </VersionInfo>
    <PublishOptions>
      <Version Value="2"/>
      <DestinationDirectory Value="$(TestDir)\publishedproject\"/>
      <IgnoreBinaries Value="False"/>
      <IncludeFileFilter Value="*.(pas|pp|inc|lfm|lpr|lrs|lpi|lpk|sh|xml)"/>
      <ExcludeFileFilter Value="*.(bak|ppu|ppw|o|so);*~;backup"/>
    </PublishOptions>
    <RunParams>
      <local>
        <FormatVersion Value="1"/>
        <LaunchingApplication PathPlusParams="\usr\X11R6\bin\xterm -T 'Lazarus Run Output' -e $(LazarusDir)\tools\runwait.sh $(TargetCmdLine)"/>
      </local>
    </RunParams>
    <RequiredPackages Count="1">
      <Item1>
        <PackageName Value="LCL"/>
      </Item1>
    </RequiredPackages>
    <Units Count="17">
      <Unit0>
        <Filename Value="winff.lpr"/>
        <IsPartOfProject Value="True"/>
        <UnitName Value="winff"/>
        <CursorPos X="20" Y="17"/>
        <TopLine Value="1"/>
        <EditorIndex Value="1"/>
        <UsageCount Value="214"/>
        <Loaded Value="True"/>
      </Unit0>
      <Unit1>
        <Filename Value="unit1.pas"/>
        <ComponentName Value="Form1"/>
        <IsPartOfProject Value="True"/>
        <ResourceFilename Value="unit1.lrs"/>
        <UnitName Value="Unit1"/>
        <CursorPos X="42" Y="1131"/>
        <TopLine Value="1104"/>
        <EditorIndex Value="0"/>
        <UsageCount Value="214"/>
        <Loaded Value="True"/>
      </Unit1>
      <Unit2>
        <Filename Value="unit2.pas"/>
        <ComponentName Value="Form2"/>
        <IsPartOfProject Value="True"/>
        <ResourceFilename Value="unit2.lrs"/>
        <UnitName Value="Unit2"/>
        <CursorPos X="24" Y="154"/>
        <TopLine Value="131"/>
        <EditorIndex Value="5"/>
        <UsageCount Value="210"/>
        <Loaded Value="True"/>
      </Unit2>
      <Unit3>
        <Filename Value="unit3.pas"/>
        <ComponentName Value="Form3"/>
        <IsPartOfProject Value="True"/>
        <ResourceFilename Value="unit3.lrs"/>
        <UnitName Value="Unit3"/>
        <CursorPos X="71" Y="90"/>
        <TopLine Value="58"/>
        <EditorIndex Value="3"/>
        <UsageCount Value="201"/>
        <Loaded Value="True"/>
      </Unit3>
      <Unit4>
        <Filename Value="usr\share\lazarus\lcl\include\application.inc"/>
        <CursorPos X="1" Y="315"/>
        <TopLine Value="286"/>
        <UsageCount Value="5"/>
      </Unit4>
      <Unit5>
        <Filename Value="usr\share\lazarus\lcl\interfaces\gtk\gtkobject.inc"/>
        <CursorPos X="1" Y="1912"/>
        <TopLine Value="1883"/>
        <UsageCount Value="5"/>
      </Unit5>
      <Unit6>
        <Filename Value="usr\share\lazarus\lcl\interfaces\gtk\gtkproc.inc"/>
        <CursorPos X="1" Y="3204"/>
        <TopLine Value="3177"/>
        <UsageCount Value="5"/>
      </Unit6>
      <Unit7>
        <Filename Value="DOCUME~1\matt\LOCALS~1\Temp\testcompileroptions.pas"/>
        <UnitName Value="testcompileroptions"/>
        <CursorPos X="1" Y="1"/>
        <TopLine Value="1"/>
        <UsageCount Value="5"/>
      </Unit7>
      <Unit8>
        <Filename Value="DOCUME~1\matt\LOCALS~1\Temp\testcompileroptions1.pas"/>
        <UnitName Value="testcompileroptions1"/>
        <CursorPos X="1" Y="1"/>
        <TopLine Value="1"/>
        <UsageCount Value="5"/>
      </Unit8>
      <Unit9>
        <Filename Value="unit4.pas"/>
        <ComponentName Value="Form4"/>
        <IsPartOfProject Value="True"/>
        <ResourceFilename Value="unit4.lrs"/>
        <UnitName Value="Unit4"/>
        <CursorPos X="63" Y="96"/>
        <TopLine Value="74"/>
        <EditorIndex Value="4"/>
        <UsageCount Value="200"/>
        <Loaded Value="True"/>
      </Unit9>
      <Unit10>
        <Filename Value="unit5.pas"/>
        <ComponentName Value="Form5"/>
        <IsPartOfProject Value="True"/>
        <ResourceFilename Value="unit5.lrs"/>
        <UnitName Value="Unit5"/>
        <CursorPos X="59" Y="46"/>
        <TopLine Value="14"/>
        <EditorIndex Value="2"/>
        <UsageCount Value="186"/>
        <Loaded Value="True"/>
      </Unit10>
      <Unit11>
        <Filename Value="usr\share\lazarus\lcl\lclproc.pas"/>
        <UnitName Value="LCLProc"/>
        <CursorPos X="1" Y="786"/>
        <TopLine Value="771"/>
        <UsageCount Value="7"/>
      </Unit11>
      <Unit12>
        <Filename Value="usr\share\lazarus\lcl\interfaces\gtk2\gtk2int.pas"/>
        <UnitName Value="Gtk2Int"/>
        <CursorPos X="1" Y="387"/>
        <TopLine Value="372"/>
        <UsageCount Value="7"/>
      </Unit12>
      <Unit13>
        <Filename Value="usr\share\lazarus\lcl\include\customlistbox.inc"/>
        <CursorPos X="1" Y="493"/>
        <TopLine Value="478"/>
        <UsageCount Value="7"/>
      </Unit13>
      <Unit14>
        <Filename Value="usr\share\lazarus\lcl\include\wincontrol.inc"/>
        <CursorPos X="1" Y="4468"/>
        <TopLine Value="4453"/>
        <UsageCount Value="7"/>
      </Unit14>
      <Unit15>
        <Filename Value="usr\share\lazarus\lcl\interfaces\gtk2\gtk2wsstdctrls.pp"/>
        <UnitName Value="Gtk2WSStdCtrls"/>
        <CursorPos X="1" Y="293"/>
        <TopLine Value="278"/>
        <UsageCount Value="7"/>
      </Unit15>
      <Unit16>
        <Filename Value="unit6.pas"/>
        <UnitName Value="Unit6"/>
        <CursorPos X="17" Y="22"/>
        <TopLine Value="1"/>
        <UsageCount Value="19"/>
      </Unit16>
    </Units>
    <JumpHistory Count="0" HistoryIndex="-1"/>
  </ProjectOptions>
  <CompilerOptions>
    <Version Value="5"/>
    <PathDelim Value="\"/>
    <SearchPaths>
      <OtherUnitFiles Value="$(LazarusDir)\components\codetools\units\$(TargetCPU)-$(TargetOS)\"/>
      <SrcPath Value="$(LazarusDir)\lcl\;$(LazarusDir)\lcl\interfaces\$(LCLWidgetType)\"/>
    </SearchPaths>
    <CodeGeneration>
      <Generate Value="Faster"/>
    </CodeGeneration>
    <Linking>
      <Options>
        <Win32>
          <GraphicApplication Value="True"/>
        </Win32>
      </Options>
    </Linking>
    <Other>
      <CompilerPath Value="$(CompPath)"/>
    </Other>
  </CompilerOptions>
</CONFIG>
